// !$*UTF8*$!
{
	archiveVersion = 1;
	classes = {
	};
	objectVersion = 50;
	objects = {

/* Begin PBXBuildFile section */
		711E33EF2120C3CA00455E6B /* AppDelegate.swift in Sources */ = {isa = PBXBuildFile; fileRef = 711E33EE2120C3CA00455E6B /* AppDelegate.swift */; };
		711E33F12120C3CA00455E6B /* UsersListViewController.swift in Sources */ = {isa = PBXBuildFile; fileRef = 711E33F02120C3CA00455E6B /* UsersListViewController.swift */; };
		711E33F42120C3CA00455E6B /* Main.storyboard in Resources */ = {isa = PBXBuildFile; fileRef = 711E33F22120C3CA00455E6B /* Main.storyboard */; };
		711E33F62120C3CB00455E6B /* Assets.xcassets in Resources */ = {isa = PBXBuildFile; fileRef = 711E33F52120C3CB00455E6B /* Assets.xcassets */; };
		711E33F92120C3CB00455E6B /* LaunchScreen.storyboard in Resources */ = {isa = PBXBuildFile; fileRef = 711E33F72120C3CB00455E6B /* LaunchScreen.storyboard */; };
		7123A0FE2121DF0C00DBA08E /* UserCell.swift in Sources */ = {isa = PBXBuildFile; fileRef = 7123A0FD2121DF0C00DBA08E /* UserCell.swift */; };
		7123A1002122E62100DBA08E /* UsersManager.swift in Sources */ = {isa = PBXBuildFile; fileRef = 7123A0FF2122E62100DBA08E /* UsersManager.swift */; };
		712B1E642125D11C006493BC /* FollowersListViewController.swift in Sources */ = {isa = PBXBuildFile; fileRef = 712B1E632125D11C006493BC /* FollowersListViewController.swift */; };
		712B1E662125D6FB006493BC /* FollowersListModel.swift in Sources */ = {isa = PBXBuildFile; fileRef = 712B1E652125D6FB006493BC /* FollowersListModel.swift */; };
		714393CB2120F84F007C9CE4 /* OperationProtocol.swift in Sources */ = {isa = PBXBuildFile; fileRef = 714393C22120F84F007C9CE4 /* OperationProtocol.swift */; };
		714393CC2120F84F007C9CE4 /* ResponseProtocol.swift in Sources */ = {isa = PBXBuildFile; fileRef = 714393C32120F84F007C9CE4 /* ResponseProtocol.swift */; };
		714393CD2120F84F007C9CE4 /* Service.swift in Sources */ = {isa = PBXBuildFile; fileRef = 714393C42120F84F007C9CE4 /* Service.swift */; };
		714393CE2120F84F007C9CE4 /* ServiceProtocol.swift in Sources */ = {isa = PBXBuildFile; fileRef = 714393C52120F84F007C9CE4 /* ServiceProtocol.swift */; };
		714393CF2120F84F007C9CE4 /* ServiceConfiguration.swift in Sources */ = {isa = PBXBuildFile; fileRef = 714393C62120F84F007C9CE4 /* ServiceConfiguration.swift */; };
		714393D02120F84F007C9CE4 /* RequestProtocol.swift in Sources */ = {isa = PBXBuildFile; fileRef = 714393C72120F84F007C9CE4 /* RequestProtocol.swift */; };
		714393D12120F84F007C9CE4 /* Response.swift in Sources */ = {isa = PBXBuildFile; fileRef = 714393C82120F84F007C9CE4 /* Response.swift */; };
		714393D22120F84F007C9CE4 /* Operations.swift in Sources */ = {isa = PBXBuildFile; fileRef = 714393C92120F84F007C9CE4 /* Operations.swift */; };
		714393D32120F84F007C9CE4 /* Request.swift in Sources */ = {isa = PBXBuildFile; fileRef = 714393CA2120F84F007C9CE4 /* Request.swift */; };
		714393D521219376007C9CE4 /* User.swift in Sources */ = {isa = PBXBuildFile; fileRef = 714393D421219376007C9CE4 /* User.swift */; };
		714393D92121CF45007C9CE4 /* UsersOperations.swift in Sources */ = {isa = PBXBuildFile; fileRef = 714393D82121CF45007C9CE4 /* UsersOperations.swift */; };
		71E08E422120F4C200E4330F /* Commons.swift in Sources */ = {isa = PBXBuildFile; fileRef = 71E08E402120F4C100E4330F /* Commons.swift */; };
		71E08E432120F4C200E4330F /* Extensions.swift in Sources */ = {isa = PBXBuildFile; fileRef = 71E08E412120F4C100E4330F /* Extensions.swift */; };
		888A750CF56200111F9887BA /* Pods_GitHunter.framework in Frameworks */ = {isa = PBXBuildFile; fileRef = C7077398F370C88D0134E39C /* Pods_GitHunter.framework */; };
/* End PBXBuildFile section */

/* Begin PBXFileReference section */
		05CDBFEA7CC8FD95EA70FED0 /* Pods-GitHunter.release-testing.xcconfig */ = {isa = PBXFileReference; includeInIndex = 1; lastKnownFileType = text.xcconfig; name = "Pods-GitHunter.release-testing.xcconfig"; path = "Pods/Target Support Files/Pods-GitHunter/Pods-GitHunter.release-testing.xcconfig"; sourceTree = "<group>"; };
		491CD8EBF5F7E205F935ABBE /* Pods-GitHunter.debug.xcconfig */ = {isa = PBXFileReference; includeInIndex = 1; lastKnownFileType = text.xcconfig; name = "Pods-GitHunter.debug.xcconfig"; path = "Pods/Target Support Files/Pods-GitHunter/Pods-GitHunter.debug.xcconfig"; sourceTree = "<group>"; };
		711E33EB2120C3CA00455E6B /* GitHunter.app */ = {isa = PBXFileReference; explicitFileType = wrapper.application; includeInIndex = 0; path = GitHunter.app; sourceTree = BUILT_PRODUCTS_DIR; };
		711E33EE2120C3CA00455E6B /* AppDelegate.swift */ = {isa = PBXFileReference; lastKnownFileType = sourcecode.swift; path = AppDelegate.swift; sourceTree = "<group>"; };
		711E33F02120C3CA00455E6B /* UsersListViewController.swift */ = {isa = PBXFileReference; lastKnownFileType = sourcecode.swift; path = UsersListViewController.swift; sourceTree = "<group>"; };
		711E33F32120C3CA00455E6B /* Base */ = {isa = PBXFileReference; lastKnownFileType = file.storyboard; name = Base; path = Base.lproj/Main.storyboard; sourceTree = "<group>"; };
		711E33F52120C3CB00455E6B /* Assets.xcassets */ = {isa = PBXFileReference; lastKnownFileType = folder.assetcatalog; path = Assets.xcassets; sourceTree = "<group>"; };
		711E33F82120C3CB00455E6B /* Base */ = {isa = PBXFileReference; lastKnownFileType = file.storyboard; name = Base; path = Base.lproj/LaunchScreen.storyboard; sourceTree = "<group>"; };
		711E33FA2120C3CB00455E6B /* Info.plist */ = {isa = PBXFileReference; lastKnownFileType = text.plist.xml; path = Info.plist; sourceTree = "<group>"; };
		7123A0FD2121DF0C00DBA08E /* UserCell.swift */ = {isa = PBXFileReference; lastKnownFileType = sourcecode.swift; path = UserCell.swift; sourceTree = "<group>"; };
		7123A0FF2122E62100DBA08E /* UsersManager.swift */ = {isa = PBXFileReference; lastKnownFileType = sourcecode.swift; path = UsersManager.swift; sourceTree = "<group>"; };
		712B1E632125D11C006493BC /* FollowersListViewController.swift */ = {isa = PBXFileReference; lastKnownFileType = sourcecode.swift; path = FollowersListViewController.swift; sourceTree = "<group>"; };
		712B1E652125D6FB006493BC /* FollowersListModel.swift */ = {isa = PBXFileReference; lastKnownFileType = sourcecode.swift; path = FollowersListModel.swift; sourceTree = "<group>"; };
		714393C22120F84F007C9CE4 /* OperationProtocol.swift */ = {isa = PBXFileReference; fileEncoding = 4; lastKnownFileType = sourcecode.swift; path = OperationProtocol.swift; sourceTree = "<group>"; };
		714393C32120F84F007C9CE4 /* ResponseProtocol.swift */ = {isa = PBXFileReference; fileEncoding = 4; lastKnownFileType = sourcecode.swift; path = ResponseProtocol.swift; sourceTree = "<group>"; };
		714393C42120F84F007C9CE4 /* Service.swift */ = {isa = PBXFileReference; fileEncoding = 4; lastKnownFileType = sourcecode.swift; path = Service.swift; sourceTree = "<group>"; };
		714393C52120F84F007C9CE4 /* ServiceProtocol.swift */ = {isa = PBXFileReference; fileEncoding = 4; lastKnownFileType = sourcecode.swift; path = ServiceProtocol.swift; sourceTree = "<group>"; };
		714393C62120F84F007C9CE4 /* ServiceConfiguration.swift */ = {isa = PBXFileReference; fileEncoding = 4; lastKnownFileType = sourcecode.swift; path = ServiceConfiguration.swift; sourceTree = "<group>"; };
		714393C72120F84F007C9CE4 /* RequestProtocol.swift */ = {isa = PBXFileReference; fileEncoding = 4; lastKnownFileType = sourcecode.swift; path = RequestProtocol.swift; sourceTree = "<group>"; };
		714393C82120F84F007C9CE4 /* Response.swift */ = {isa = PBXFileReference; fileEncoding = 4; lastKnownFileType = sourcecode.swift; path = Response.swift; sourceTree = "<group>"; };
		714393C92120F84F007C9CE4 /* Operations.swift */ = {isa = PBXFileReference; fileEncoding = 4; lastKnownFileType = sourcecode.swift; path = Operations.swift; sourceTree = "<group>"; };
		714393CA2120F84F007C9CE4 /* Request.swift */ = {isa = PBXFileReference; fileEncoding = 4; lastKnownFileType = sourcecode.swift; path = Request.swift; sourceTree = "<group>"; };
		714393D421219376007C9CE4 /* User.swift */ = {isa = PBXFileReference; lastKnownFileType = sourcecode.swift; path = User.swift; sourceTree = "<group>"; };
		714393D82121CF45007C9CE4 /* UsersOperations.swift */ = {isa = PBXFileReference; lastKnownFileType = sourcecode.swift; path = UsersOperations.swift; sourceTree = "<group>"; };
		71E08E402120F4C100E4330F /* Commons.swift */ = {isa = PBXFileReference; fileEncoding = 4; lastKnownFileType = sourcecode.swift; path = Commons.swift; sourceTree = "<group>"; };
		71E08E412120F4C100E4330F /* Extensions.swift */ = {isa = PBXFileReference; fileEncoding = 4; lastKnownFileType = sourcecode.swift; path = Extensions.swift; sourceTree = "<group>"; };
		8EE882465349511CD93F4EA9 /* Pods-GitHunter.debug-production.xcconfig */ = {isa = PBXFileReference; includeInIndex = 1; lastKnownFileType = text.xcconfig; name = "Pods-GitHunter.debug-production.xcconfig"; path = "Pods/Target Support Files/Pods-GitHunter/Pods-GitHunter.debug-production.xcconfig"; sourceTree = "<group>"; };
		C7077398F370C88D0134E39C /* Pods_GitHunter.framework */ = {isa = PBXFileReference; explicitFileType = wrapper.framework; includeInIndex = 0; path = Pods_GitHunter.framework; sourceTree = BUILT_PRODUCTS_DIR; };
		DE924DC77DEC6501EDBBE54A /* Pods-GitHunter.debug-testing.xcconfig */ = {isa = PBXFileReference; includeInIndex = 1; lastKnownFileType = text.xcconfig; name = "Pods-GitHunter.debug-testing.xcconfig"; path = "Pods/Target Support Files/Pods-GitHunter/Pods-GitHunter.debug-testing.xcconfig"; sourceTree = "<group>"; };
		FA88B8D10A3BC889A6F22AE6 /* Pods-GitHunter.release.xcconfig */ = {isa = PBXFileReference; includeInIndex = 1; lastKnownFileType = text.xcconfig; name = "Pods-GitHunter.release.xcconfig"; path = "Pods/Target Support Files/Pods-GitHunter/Pods-GitHunter.release.xcconfig"; sourceTree = "<group>"; };
/* End PBXFileReference section */

/* Begin PBXFrameworksBuildPhase section */
		711E33E82120C3CA00455E6B /* Frameworks */ = {
			isa = PBXFrameworksBuildPhase;
			buildActionMask = 2147483647;
			files = (
				888A750CF56200111F9887BA /* Pods_GitHunter.framework in Frameworks */,
			);
			runOnlyForDeploymentPostprocessing = 0;
		};
/* End PBXFrameworksBuildPhase section */

/* Begin PBXGroup section */
		5FD472AE509349828A4AC481 /* Frameworks */ = {
			isa = PBXGroup;
			children = (
				C7077398F370C88D0134E39C /* Pods_GitHunter.framework */,
			);
			name = Frameworks;
			sourceTree = "<group>";
		};
		711E33E22120C3CA00455E6B = {
			isa = PBXGroup;
			children = (
				711E33ED2120C3CA00455E6B /* GitHunter */,
				711E33EC2120C3CA00455E6B /* Products */,
				9669F1A2A1C746AA43704866 /* Pods */,
				5FD472AE509349828A4AC481 /* Frameworks */,
			);
			sourceTree = "<group>";
		};
		711E33EC2120C3CA00455E6B /* Products */ = {
			isa = PBXGroup;
			children = (
				711E33EB2120C3CA00455E6B /* GitHunter.app */,
			);
			name = Products;
			sourceTree = "<group>";
		};
		711E33ED2120C3CA00455E6B /* GitHunter */ = {
			isa = PBXGroup;
			children = (
				711E33EE2120C3CA00455E6B /* AppDelegate.swift */,
				712B1E672126C226006493BC /* ViewControllers */,
				712B1E682126C240006493BC /* Views */,
				714393C12120F84F007C9CE4 /* Network */,
				714393D62121937E007C9CE4 /* Models */,
				71E08E412120F4C100E4330F /* Extensions.swift */,
				71E08E402120F4C100E4330F /* Commons.swift */,
				711E33F52120C3CB00455E6B /* Assets.xcassets */,
				711E33F72120C3CB00455E6B /* LaunchScreen.storyboard */,
				711E33FA2120C3CB00455E6B /* Info.plist */,
			);
			path = GitHunter;
			sourceTree = "<group>";
		};
		712B1E672126C226006493BC /* ViewControllers */ = {
			isa = PBXGroup;
			children = (
				711E33F02120C3CA00455E6B /* UsersListViewController.swift */,
				712B1E632125D11C006493BC /* FollowersListViewController.swift */,
			);
			path = ViewControllers;
			sourceTree = "<group>";
		};
		712B1E682126C240006493BC /* Views */ = {
			isa = PBXGroup;
			children = (
				711E33F22120C3CA00455E6B /* Main.storyboard */,
				7123A0FD2121DF0C00DBA08E /* UserCell.swift */,
			);
			path = Views;
			sourceTree = "<group>";
		};
		714393C12120F84F007C9CE4 /* Network */ = {
			isa = PBXGroup;
			children = (
				714393D72121CF1C007C9CE4 /* Base */,
				714393D82121CF45007C9CE4 /* UsersOperations.swift */,
			);
			path = Network;
			sourceTree = "<group>";
		};
		714393D62121937E007C9CE4 /* Models */ = {
			isa = PBXGroup;
			children = (
				714393D421219376007C9CE4 /* User.swift */,
				7123A0FF2122E62100DBA08E /* UsersManager.swift */,
				712B1E652125D6FB006493BC /* FollowersListModel.swift */,
			);
			path = Models;
			sourceTree = "<group>";
		};
		714393D72121CF1C007C9CE4 /* Base */ = {
			isa = PBXGroup;
			children = (
				714393C22120F84F007C9CE4 /* OperationProtocol.swift */,
				714393C92120F84F007C9CE4 /* Operations.swift */,
				714393C32120F84F007C9CE4 /* ResponseProtocol.swift */,
				714393C82120F84F007C9CE4 /* Response.swift */,
				714393C62120F84F007C9CE4 /* ServiceConfiguration.swift */,
				714393C52120F84F007C9CE4 /* ServiceProtocol.swift */,
				714393C42120F84F007C9CE4 /* Service.swift */,
				714393C72120F84F007C9CE4 /* RequestProtocol.swift */,
				714393CA2120F84F007C9CE4 /* Request.swift */,
			);
			path = Base;
			sourceTree = "<group>";
		};
		9669F1A2A1C746AA43704866 /* Pods */ = {
			isa = PBXGroup;
			children = (
				491CD8EBF5F7E205F935ABBE /* Pods-GitHunter.debug.xcconfig */,
				FA88B8D10A3BC889A6F22AE6 /* Pods-GitHunter.release.xcconfig */,
				DE924DC77DEC6501EDBBE54A /* Pods-GitHunter.debug-testing.xcconfig */,
				8EE882465349511CD93F4EA9 /* Pods-GitHunter.debug-production.xcconfig */,
				05CDBFEA7CC8FD95EA70FED0 /* Pods-GitHunter.release-testing.xcconfig */,
			);
			name = Pods;
			sourceTree = "<group>";
		};
/* End PBXGroup section */

/* Begin PBXNativeTarget section */
		711E33EA2120C3CA00455E6B /* GitHunter */ = {
			isa = PBXNativeTarget;
			buildConfigurationList = 711E33FD2120C3CB00455E6B /* Build configuration list for PBXNativeTarget "GitHunter" */;
			buildPhases = (
				2EBB571A59D5C1902A7789EC /* [CP] Check Pods Manifest.lock */,
				711E33E72120C3CA00455E6B /* Sources */,
				711E33E82120C3CA00455E6B /* Frameworks */,
				711E33E92120C3CA00455E6B /* Resources */,
				2DD80D40896FB0897F7FD997 /* [CP] Embed Pods Frameworks */,
				D02483C5D8C2B026A5C75157 /* [CP] Copy Pods Resources */,
			);
			buildRules = (
			);
			dependencies = (
			);
			name = GitHunter;
			productName = GitHunter;
			productReference = 711E33EB2120C3CA00455E6B /* GitHunter.app */;
			productType = "com.apple.product-type.application";
		};
/* End PBXNativeTarget section */

/* Begin PBXProject section */
		711E33E32120C3CA00455E6B /* Project object */ = {
			isa = PBXProject;
			attributes = {
				LastSwiftUpdateCheck = 1000;
				LastUpgradeCheck = 1000;
				ORGANIZATIONNAME = "Vitalii Roditieliev";
				TargetAttributes = {
					711E33EA2120C3CA00455E6B = {
						CreatedOnToolsVersion = 10.0;
					};
				};
			};
			buildConfigurationList = 711E33E62120C3CA00455E6B /* Build configuration list for PBXProject "GitHunter" */;
			compatibilityVersion = "Xcode 9.3";
			developmentRegion = en;
			hasScannedForEncodings = 0;
			knownRegions = (
				en,
				Base,
			);
			mainGroup = 711E33E22120C3CA00455E6B;
			productRefGroup = 711E33EC2120C3CA00455E6B /* Products */;
			projectDirPath = "";
			projectRoot = "";
			targets = (
				711E33EA2120C3CA00455E6B /* GitHunter */,
			);
		};
/* End PBXProject section */

/* Begin PBXResourcesBuildPhase section */
		711E33E92120C3CA00455E6B /* Resources */ = {
			isa = PBXResourcesBuildPhase;
			buildActionMask = 2147483647;
			files = (
				711E33F92120C3CB00455E6B /* LaunchScreen.storyboard in Resources */,
				711E33F62120C3CB00455E6B /* Assets.xcassets in Resources */,
				711E33F42120C3CA00455E6B /* Main.storyboard in Resources */,
			);
			runOnlyForDeploymentPostprocessing = 0;
		};
/* End PBXResourcesBuildPhase section */

/* Begin PBXShellScriptBuildPhase section */
		2DD80D40896FB0897F7FD997 /* [CP] Embed Pods Frameworks */ = {
			isa = PBXShellScriptBuildPhase;
			buildActionMask = 2147483647;
			files = (
			);
			inputPaths = (
				"${SRCROOT}/Pods/Target Support Files/Pods-GitHunter/Pods-GitHunter-frameworks.sh",
				"${BUILT_PRODUCTS_DIR}/PromiseKit/PromiseKit.framework",
				"${BUILT_PRODUCTS_DIR}/SwiftyJSON/SwiftyJSON.framework",
			);
			name = "[CP] Embed Pods Frameworks";
			outputPaths = (
				"${TARGET_BUILD_DIR}/${FRAMEWORKS_FOLDER_PATH}/PromiseKit.framework",
				"${TARGET_BUILD_DIR}/${FRAMEWORKS_FOLDER_PATH}/SwiftyJSON.framework",
			);
			runOnlyForDeploymentPostprocessing = 0;
			shellPath = /bin/sh;
			shellScript = "\"${SRCROOT}/Pods/Target Support Files/Pods-GitHunter/Pods-GitHunter-frameworks.sh\"\n";
			showEnvVarsInLog = 0;
		};
		2EBB571A59D5C1902A7789EC /* [CP] Check Pods Manifest.lock */ = {
			isa = PBXShellScriptBuildPhase;
			buildActionMask = 2147483647;
			files = (
			);
			inputPaths = (
				"${PODS_PODFILE_DIR_PATH}/Podfile.lock",
				"${PODS_ROOT}/Manifest.lock",
			);
			name = "[CP] Check Pods Manifest.lock";
			outputPaths = (
				"$(DERIVED_FILE_DIR)/Pods-GitHunter-checkManifestLockResult.txt",
			);
			runOnlyForDeploymentPostprocessing = 0;
			shellPath = /bin/sh;
			shellScript = "diff \"${PODS_PODFILE_DIR_PATH}/Podfile.lock\" \"${PODS_ROOT}/Manifest.lock\" > /dev/null\nif [ $? != 0 ] ; then\n    # print error to STDERR\n    echo \"error: The sandbox is not in sync with the Podfile.lock. Run 'pod install' or update your CocoaPods installation.\" >&2\n    exit 1\nfi\n# This output is used by Xcode 'outputs' to avoid re-running this script phase.\necho \"SUCCESS\" > \"${SCRIPT_OUTPUT_FILE_0}\"\n";
			showEnvVarsInLog = 0;
		};
		D02483C5D8C2B026A5C75157 /* [CP] Copy Pods Resources */ = {
			isa = PBXShellScriptBuildPhase;
			buildActionMask = 2147483647;
			files = (
			);
			inputPaths = (
			);
			name = "[CP] Copy Pods Resources";
			outputPaths = (
			);
			runOnlyForDeploymentPostprocessing = 0;
			shellPath = /bin/sh;
			shellScript = "\"${SRCROOT}/Pods/Target Support Files/Pods-GitHunter/Pods-GitHunter-resources.sh\"\n";
			showEnvVarsInLog = 0;
		};
/* End PBXShellScriptBuildPhase section */

/* Begin PBXSourcesBuildPhase section */
		711E33E72120C3CA00455E6B /* Sources */ = {
			isa = PBXSourcesBuildPhase;
			buildActionMask = 2147483647;
			files = (
				714393CC2120F84F007C9CE4 /* ResponseProtocol.swift in Sources */,
				7123A1002122E62100DBA08E /* UsersManager.swift in Sources */,
				714393D32120F84F007C9CE4 /* Request.swift in Sources */,
				714393CD2120F84F007C9CE4 /* Service.swift in Sources */,
				711E33F12120C3CA00455E6B /* UsersListViewController.swift in Sources */,
				714393D22120F84F007C9CE4 /* Operations.swift in Sources */,
				714393CE2120F84F007C9CE4 /* ServiceProtocol.swift in Sources */,
				714393D521219376007C9CE4 /* User.swift in Sources */,
				71E08E422120F4C200E4330F /* Commons.swift in Sources */,
				7123A0FE2121DF0C00DBA08E /* UserCell.swift in Sources */,
				712B1E642125D11C006493BC /* FollowersListViewController.swift in Sources */,
				714393CF2120F84F007C9CE4 /* ServiceConfiguration.swift in Sources */,
				711E33EF2120C3CA00455E6B /* AppDelegate.swift in Sources */,
				714393D12120F84F007C9CE4 /* Response.swift in Sources */,
				714393D92121CF45007C9CE4 /* UsersOperations.swift in Sources */,
				712B1E662125D6FB006493BC /* FollowersListModel.swift in Sources */,
				71E08E432120F4C200E4330F /* Extensions.swift in Sources */,
				714393CB2120F84F007C9CE4 /* OperationProtocol.swift in Sources */,
				714393D02120F84F007C9CE4 /* RequestProtocol.swift in Sources */,
			);
			runOnlyForDeploymentPostprocessing = 0;
		};
/* End PBXSourcesBuildPhase section */

/* Begin PBXVariantGroup section */
		711E33F22120C3CA00455E6B /* Main.storyboard */ = {
			isa = PBXVariantGroup;
			children = (
				711E33F32120C3CA00455E6B /* Base */,
			);
			name = Main.storyboard;
			sourceTree = "<group>";
		};
		711E33F72120C3CB00455E6B /* LaunchScreen.storyboard */ = {
			isa = PBXVariantGroup;
			children = (
				711E33F82120C3CB00455E6B /* Base */,
			);
			name = LaunchScreen.storyboard;
			sourceTree = "<group>";
		};
/* End PBXVariantGroup section */

/* Begin XCBuildConfiguration section */
		711E33FB2120C3CB00455E6B /* Debug-Testing */ = {
			isa = XCBuildConfiguration;
			buildSettings = {
				ALWAYS_SEARCH_USER_PATHS = NO;
				APP_NAME = "GitHunter DebTest";
				CLANG_ANALYZER_NONNULL = YES;
				CLANG_ANALYZER_NUMBER_OBJECT_CONVERSION = YES_AGGRESSIVE;
				CLANG_CXX_LANGUAGE_STANDARD = "gnu++14";
				CLANG_CXX_LIBRARY = "libc++";
				CLANG_ENABLE_MODULES = YES;
				CLANG_ENABLE_OBJC_ARC = YES;
				CLANG_ENABLE_OBJC_WEAK = YES;
				CLANG_WARN_BLOCK_CAPTURE_AUTORELEASING = YES;
				CLANG_WARN_BOOL_CONVERSION = YES;
				CLANG_WARN_COMMA = YES;
				CLANG_WARN_CONSTANT_CONVERSION = YES;
				CLANG_WARN_DEPRECATED_OBJC_IMPLEMENTATIONS = YES;
				CLANG_WARN_DIRECT_OBJC_ISA_USAGE = YES_ERROR;
				CLANG_WARN_DOCUMENTATION_COMMENTS = YES;
				CLANG_WARN_EMPTY_BODY = YES;
				CLANG_WARN_ENUM_CONVERSION = YES;
				CLANG_WARN_INFINITE_RECURSION = YES;
				CLANG_WARN_INT_CONVERSION = YES;
				CLANG_WARN_NON_LITERAL_NULL_CONVERSION = YES;
				CLANG_WARN_OBJC_IMPLICIT_RETAIN_SELF = YES;
				CLANG_WARN_OBJC_LITERAL_CONVERSION = YES;
				CLANG_WARN_OBJC_ROOT_CLASS = YES_ERROR;
				CLANG_WARN_RANGE_LOOP_ANALYSIS = YES;
				CLANG_WARN_STRICT_PROTOTYPES = YES;
				CLANG_WARN_SUSPICIOUS_MOVE = YES;
				CLANG_WARN_UNGUARDED_AVAILABILITY = YES_AGGRESSIVE;
				CLANG_WARN_UNREACHABLE_CODE = YES;
				CLANG_WARN__DUPLICATE_METHOD_MATCH = YES;
				CODE_SIGN_IDENTITY = "iPhone Developer";
				COPY_PHASE_STRIP = NO;
				DEBUG_INFORMATION_FORMAT = dwarf;
				ENABLE_STRICT_OBJC_MSGSEND = YES;
				ENABLE_TESTABILITY = YES;
				ENVIRONMENT_NAME = "Debug-Testing";
				GCC_C_LANGUAGE_STANDARD = gnu11;
				GCC_DYNAMIC_NO_PIC = NO;
				GCC_NO_COMMON_BLOCKS = YES;
				GCC_OPTIMIZATION_LEVEL = 0;
				GCC_PREPROCESSOR_DEFINITIONS = (
					"DEBUG=1",
					"$(inherited)",
				);
				GCC_WARN_64_TO_32_BIT_CONVERSION = YES;
				GCC_WARN_ABOUT_RETURN_TYPE = YES_ERROR;
				GCC_WARN_UNDECLARED_SELECTOR = YES;
				GCC_WARN_UNINITIALIZED_AUTOS = YES_AGGRESSIVE;
				GCC_WARN_UNUSED_FUNCTION = YES;
				GCC_WARN_UNUSED_VARIABLE = YES;
				HOST_NAME = "https://api.github.com";
				IPHONEOS_DEPLOYMENT_TARGET = 12.0;
				MTL_ENABLE_DEBUG_INFO = INCLUDE_SOURCE;
				MTL_FAST_MATH = YES;
				ONLY_ACTIVE_ARCH = YES;
				SDKROOT = iphoneos;
				SWIFT_ACTIVE_COMPILATION_CONDITIONS = DEBUG;
				SWIFT_OPTIMIZATION_LEVEL = "-Onone";
			};
			name = "Debug-Testing";
		};
		711E33FC2120C3CB00455E6B /* Release */ = {
			isa = XCBuildConfiguration;
			buildSettings = {
				ALWAYS_SEARCH_USER_PATHS = NO;
				APP_NAME = GitHunter;
				CLANG_ANALYZER_NONNULL = YES;
				CLANG_ANALYZER_NUMBER_OBJECT_CONVERSION = YES_AGGRESSIVE;
				CLANG_CXX_LANGUAGE_STANDARD = "gnu++14";
				CLANG_CXX_LIBRARY = "libc++";
				CLANG_ENABLE_MODULES = YES;
				CLANG_ENABLE_OBJC_ARC = YES;
				CLANG_ENABLE_OBJC_WEAK = YES;
				CLANG_WARN_BLOCK_CAPTURE_AUTORELEASING = YES;
				CLANG_WARN_BOOL_CONVERSION = YES;
				CLANG_WARN_COMMA = YES;
				CLANG_WARN_CONSTANT_CONVERSION = YES;
				CLANG_WARN_DEPRECATED_OBJC_IMPLEMENTATIONS = YES;
				CLANG_WARN_DIRECT_OBJC_ISA_USAGE = YES_ERROR;
				CLANG_WARN_DOCUMENTATION_COMMENTS = YES;
				CLANG_WARN_EMPTY_BODY = YES;
				CLANG_WARN_ENUM_CONVERSION = YES;
				CLANG_WARN_INFINITE_RECURSION = YES;
				CLANG_WARN_INT_CONVERSION = YES;
				CLANG_WARN_NON_LITERAL_NULL_CONVERSION = YES;
				CLANG_WARN_OBJC_IMPLICIT_RETAIN_SELF = YES;
				CLANG_WARN_OBJC_LITERAL_CONVERSION = YES;
				CLANG_WARN_OBJC_ROOT_CLASS = YES_ERROR;
				CLANG_WARN_RANGE_LOOP_ANALYSIS = YES;
				CLANG_WARN_STRICT_PROTOTYPES = YES;
				CLANG_WARN_SUSPICIOUS_MOVE = YES;
				CLANG_WARN_UNGUARDED_AVAILABILITY = YES_AGGRESSIVE;
				CLANG_WARN_UNREACHABLE_CODE = YES;
				CLANG_WARN__DUPLICATE_METHOD_MATCH = YES;
				CODE_SIGN_IDENTITY = "iPhone Developer";
				COPY_PHASE_STRIP = NO;
				DEBUG_INFORMATION_FORMAT = "dwarf-with-dsym";
				ENABLE_NS_ASSERTIONS = NO;
				ENABLE_STRICT_OBJC_MSGSEND = YES;
				ENVIRONMENT_NAME = "Release-Production";
				GCC_C_LANGUAGE_STANDARD = gnu11;
				GCC_NO_COMMON_BLOCKS = YES;
				GCC_WARN_64_TO_32_BIT_CONVERSION = YES;
				GCC_WARN_ABOUT_RETURN_TYPE = YES_ERROR;
				GCC_WARN_UNDECLARED_SELECTOR = YES;
				GCC_WARN_UNINITIALIZED_AUTOS = YES_AGGRESSIVE;
				GCC_WARN_UNUSED_FUNCTION = YES;
				GCC_WARN_UNUSED_VARIABLE = YES;
				HOST_NAME = "https://api.github.com";
				IPHONEOS_DEPLOYMENT_TARGET = 12.0;
				MTL_ENABLE_DEBUG_INFO = NO;
				MTL_FAST_MATH = YES;
				SDKROOT = iphoneos;
				SWIFT_COMPILATION_MODE = wholemodule;
				SWIFT_OPTIMIZATION_LEVEL = "-O";
				VALIDATE_PRODUCT = YES;
			};
			name = Release;
		};
		711E33FE2120C3CB00455E6B /* Debug-Testing */ = {
			isa = XCBuildConfiguration;
			baseConfigurationReference = DE924DC77DEC6501EDBBE54A /* Pods-GitHunter.debug-testing.xcconfig */;
			buildSettings = {
				ASSETCATALOG_COMPILER_APPICON_NAME = AppIcon;
				CODE_SIGN_STYLE = Automatic;
				DEVELOPMENT_TEAM = UP8FM54PF5;
				INFOPLIST_FILE = GitHunter/Info.plist;
				LD_RUNPATH_SEARCH_PATHS = (
					"$(inherited)",
					"@executable_path/Frameworks",
				);
				PRODUCT_BUNDLE_IDENTIFIER = VRV.GitHunter;
				PRODUCT_NAME = "$(TARGET_NAME)";
				SWIFT_VERSION = 4.2;
				TARGETED_DEVICE_FAMILY = "1,2";
			};
			name = "Debug-Testing";
		};
		711E33FF2120C3CB00455E6B /* Release */ = {
			isa = XCBuildConfiguration;
			baseConfigurationReference = FA88B8D10A3BC889A6F22AE6 /* Pods-GitHunter.release.xcconfig */;
			buildSettings = {
				ASSETCATALOG_COMPILER_APPICON_NAME = AppIcon;
				CODE_SIGN_STYLE = Automatic;
				DEVELOPMENT_TEAM = UP8FM54PF5;
				INFOPLIST_FILE = GitHunter/Info.plist;
				LD_RUNPATH_SEARCH_PATHS = (
					"$(inherited)",
					"@executable_path/Frameworks",
				);
				PRODUCT_BUNDLE_IDENTIFIER = VRV.GitHunter;
				PRODUCT_NAME = "$(TARGET_NAME)";
				SWIFT_VERSION = 4.2;
				TARGETED_DEVICE_FAMILY = "1,2";
			};
			name = Release;
		};
		711E34002120E9F800455E6B /* Debug-Production */ = {
			isa = XCBuildConfiguration;
			buildSettings = {
				ALWAYS_SEARCH_USER_PATHS = NO;
				APP_NAME = "GitHunter Debug";
				CLANG_ANALYZER_NONNULL = YES;
				CLANG_ANALYZER_NUMBER_OBJECT_CONVERSION = YES_AGGRESSIVE;
				CLANG_CXX_LANGUAGE_STANDARD = "gnu++14";
				CLANG_CXX_LIBRARY = "libc++";
				CLANG_ENABLE_MODULES = YES;
				CLANG_ENABLE_OBJC_ARC = YES;
				CLANG_ENABLE_OBJC_WEAK = YES;
				CLANG_WARN_BLOCK_CAPTURE_AUTORELEASING = YES;
				CLANG_WARN_BOOL_CONVERSION = YES;
				CLANG_WARN_COMMA = YES;
				CLANG_WARN_CONSTANT_CONVERSION = YES;
				CLANG_WARN_DEPRECATED_OBJC_IMPLEMENTATIONS = YES;
				CLANG_WARN_DIRECT_OBJC_ISA_USAGE = YES_ERROR;
				CLANG_WARN_DOCUMENTATION_COMMENTS = YES;
				CLANG_WARN_EMPTY_BODY = YES;
				CLANG_WARN_ENUM_CONVERSION = YES;
				CLANG_WARN_INFINITE_RECURSION = YES;
				CLANG_WARN_INT_CONVERSION = YES;
				CLANG_WARN_NON_LITERAL_NULL_CONVERSION = YES;
				CLANG_WARN_OBJC_IMPLICIT_RETAIN_SELF = YES;
				CLANG_WARN_OBJC_LITERAL_CONVERSION = YES;
				CLANG_WARN_OBJC_ROOT_CLASS = YES_ERROR;
				CLANG_WARN_RANGE_LOOP_ANALYSIS = YES;
				CLANG_WARN_STRICT_PROTOTYPES = YES;
				CLANG_WARN_SUSPICIOUS_MOVE = YES;
				CLANG_WARN_UNGUARDED_AVAILABILITY = YES_AGGRESSIVE;
				CLANG_WARN_UNREACHABLE_CODE = YES;
				CLANG_WARN__DUPLICATE_METHOD_MATCH = YES;
				CODE_SIGN_IDENTITY = "iPhone Developer";
				COPY_PHASE_STRIP = NO;
				DEBUG_INFORMATION_FORMAT = dwarf;
				ENABLE_STRICT_OBJC_MSGSEND = YES;
				ENABLE_TESTABILITY = YES;
				ENVIRONMENT_NAME = "Debug-Production";
				GCC_C_LANGUAGE_STANDARD = gnu11;
				GCC_DYNAMIC_NO_PIC = NO;
				GCC_NO_COMMON_BLOCKS = YES;
				GCC_OPTIMIZATION_LEVEL = 0;
				GCC_PREPROCESSOR_DEFINITIONS = (
					"DEBUG=1",
					"$(inherited)",
				);
				GCC_WARN_64_TO_32_BIT_CONVERSION = YES;
				GCC_WARN_ABOUT_RETURN_TYPE = YES_ERROR;
				GCC_WARN_UNDECLARED_SELECTOR = YES;
				GCC_WARN_UNINITIALIZED_AUTOS = YES_AGGRESSIVE;
				GCC_WARN_UNUSED_FUNCTION = YES;
				GCC_WARN_UNUSED_VARIABLE = YES;
				HOST_NAME = "https://api.github.com";
				IPHONEOS_DEPLOYMENT_TARGET = 12.0;
				MTL_ENABLE_DEBUG_INFO = INCLUDE_SOURCE;
				MTL_FAST_MATH = YES;
				ONLY_ACTIVE_ARCH = YES;
				SDKROOT = iphoneos;
				SWIFT_ACTIVE_COMPILATION_CONDITIONS = DEBUG;
				SWIFT_OPTIMIZATION_LEVEL = "-Onone";
			};
			name = "Debug-Production";
		};
		711E34012120E9F800455E6B /* Debug-Production */ = {
			isa = XCBuildConfiguration;
			baseConfigurationReference = 8EE882465349511CD93F4EA9 /* Pods-GitHunter.debug-production.xcconfig */;
			buildSettings = {
				ASSETCATALOG_COMPILER_APPICON_NAME = AppIcon;
				CODE_SIGN_STYLE = Automatic;
				DEVELOPMENT_TEAM = UP8FM54PF5;
				INFOPLIST_FILE = GitHunter/Info.plist;
				LD_RUNPATH_SEARCH_PATHS = (
					"$(inherited)",
					"@executable_path/Frameworks",
				);
				PRODUCT_BUNDLE_IDENTIFIER = VRV.GitHunter;
				PRODUCT_NAME = "$(TARGET_NAME)";
				SWIFT_VERSION = 4.2;
				TARGETED_DEVICE_FAMILY = "1,2";
			};
			name = "Debug-Production";
		};
		711E34022120EA1800455E6B /* Release-Testing */ = {
			isa = XCBuildConfiguration;
			buildSettings = {
				ALWAYS_SEARCH_USER_PATHS = NO;
				APP_NAME = "GitHunter Test";
				CLANG_ANALYZER_NONNULL = YES;
				CLANG_ANALYZER_NUMBER_OBJECT_CONVERSION = YES_AGGRESSIVE;
				CLANG_CXX_LANGUAGE_STANDARD = "gnu++14";
				CLANG_CXX_LIBRARY = "libc++";
				CLANG_ENABLE_MODULES = YES;
				CLANG_ENABLE_OBJC_ARC = YES;
				CLANG_ENABLE_OBJC_WEAK = YES;
				CLANG_WARN_BLOCK_CAPTURE_AUTORELEASING = YES;
				CLANG_WARN_BOOL_CONVERSION = YES;
				CLANG_WARN_COMMA = YES;
				CLANG_WARN_CONSTANT_CONVERSION = YES;
				CLANG_WARN_DEPRECATED_OBJC_IMPLEMENTATIONS = YES;
				CLANG_WARN_DIRECT_OBJC_ISA_USAGE = YES_ERROR;
				CLANG_WARN_DOCUMENTATION_COMMENTS = YES;
				CLANG_WARN_EMPTY_BODY = YES;
				CLANG_WARN_ENUM_CONVERSION = YES;
				CLANG_WARN_INFINITE_RECURSION = YES;
				CLANG_WARN_INT_CONVERSION = YES;
				CLANG_WARN_NON_LITERAL_NULL_CONVERSION = YES;
				CLANG_WARN_OBJC_IMPLICIT_RETAIN_SELF = YES;
				CLANG_WARN_OBJC_LITERAL_CONVERSION = YES;
				CLANG_WARN_OBJC_ROOT_CLASS = YES_ERROR;
				CLANG_WARN_RANGE_LOOP_ANALYSIS = YES;
				CLANG_WARN_STRICT_PROTOTYPES = YES;
				CLANG_WARN_SUSPICIOUS_MOVE = YES;
				CLANG_WARN_UNGUARDED_AVAILABILITY = YES_AGGRESSIVE;
				CLANG_WARN_UNREACHABLE_CODE = YES;
				CLANG_WARN__DUPLICATE_METHOD_MATCH = YES;
				CODE_SIGN_IDENTITY = "iPhone Developer";
				COPY_PHASE_STRIP = NO;
				DEBUG_INFORMATION_FORMAT = "dwarf-with-dsym";
				ENABLE_NS_ASSERTIONS = NO;
				ENABLE_STRICT_OBJC_MSGSEND = YES;
				ENVIRONMENT_NAME = "Release-Testing";
				GCC_C_LANGUAGE_STANDARD = gnu11;
				GCC_NO_COMMON_BLOCKS = YES;
				GCC_WARN_64_TO_32_BIT_CONVERSION = YES;
				GCC_WARN_ABOUT_RETURN_TYPE = YES_ERROR;
				GCC_WARN_UNDECLARED_SELECTOR = YES;
				GCC_WARN_UNINITIALIZED_AUTOS = YES_AGGRESSIVE;
				GCC_WARN_UNUSED_FUNCTION = YES;
				GCC_WARN_UNUSED_VARIABLE = YES;
				HOST_NAME = "https://api.github.com";
				IPHONEOS_DEPLOYMENT_TARGET = 12.0;
				MTL_ENABLE_DEBUG_INFO = NO;
				MTL_FAST_MATH = YES;
				SDKROOT = iphoneos;
				SWIFT_COMPILATION_MODE = wholemodule;
				SWIFT_OPTIMIZATION_LEVEL = "-O";
				VALIDATE_PRODUCT = YES;
			};
			name = "Release-Testing";
		};
		711E34032120EA1800455E6B /* Release-Testing */ = {
			isa = XCBuildConfiguration;
			baseConfigurationReference = 05CDBFEA7CC8FD95EA70FED0 /* Pods-GitHunter.release-testing.xcconfig */;
			buildSettings = {
				ASSETCATALOG_COMPILER_APPICON_NAME = AppIcon;
				CODE_SIGN_STYLE = Automatic;
				DEVELOPMENT_TEAM = UP8FM54PF5;
				INFOPLIST_FILE = GitHunter/Info.plist;
				LD_RUNPATH_SEARCH_PATHS = (
					"$(inherited)",
					"@executable_path/Frameworks",
				);
				PRODUCT_BUNDLE_IDENTIFIER = VRV.GitHunter;
				PRODUCT_NAME = "$(TARGET_NAME)";
				SWIFT_VERSION = 4.2;
				TARGETED_DEVICE_FAMILY = "1,2";
			};
			name = "Release-Testing";
		};
/* End XCBuildConfiguration section */

/* Begin XCConfigurationList section */
		711E33E62120C3CA00455E6B /* Build configuration list for PBXProject "GitHunter" */ = {
			isa = XCConfigurationList;
			buildConfigurations = (
				711E33FB2120C3CB00455E6B /* Debug-Testing */,
				711E34002120E9F800455E6B /* Debug-Production */,
				711E33FC2120C3CB00455E6B /* Release */,
				711E34022120EA1800455E6B /* Release-Testing */,
			);
			defaultConfigurationIsVisible = 0;
			defaultConfigurationName = Release;
		};
		711E33FD2120C3CB00455E6B /* Build configuration list for PBXNativeTarget "GitHunter" */ = {
			isa = XCConfigurationList;
			buildConfigurations = (
				711E33FE2120C3CB00455E6B /* Debug-Testing */,
				711E34012120E9F800455E6B /* Debug-Production */,
				711E33FF2120C3CB00455E6B /* Release */,
				711E34032120EA1800455E6B /* Release-Testing */,
			);
			defaultConfigurationIsVisible = 0;
			defaultConfigurationName = Release;
		};
/* End XCConfigurationList section */
	};
	rootObject = 711E33E32120C3CA00455E6B /* Project object */;
}
